
Microsoft Visual Studio Solution File, Format Version 12.00
# Visual Studio Version 16
VisualStudioVersion = 16.0.31410.357
MinimumVisualStudioVersion = 10.0.40219.1
Project("{FAE04EC0-301F-11D3-BF4B-00C04F79EFBC}") = "D365.ProjectTemplate.Plugins", "D365.ProjectTemplate\D365.ProjectTemplate.Plugins.csproj", "{04DF3D3C-0E05-4E58-AAC3-A76B2015A463}"
EndProject
Project("{FAE04EC0-301F-11D3-BF4B-00C04F79EFBC}") = "WebResources", "WebResources\WebResources.csproj", "{1EF3CE3B-2F43-4F87-86C8-2BA9D1728A60}"
EndProject
Project("{2150E333-8FDC-42A3-9474-1A3956D46DE8}") = "EntityModel", "EntityModel", "{82AF6334-6F67-4CC8-8046-B7D6CDAFE95A}"
EndProject
Global
	GlobalSection(SolutionConfigurationPlatforms) = preSolution
		Debug|Any CPU = Debug|Any CPU
		Release|Any CPU = Release|Any CPU
	EndGlobalSection
	GlobalSection(ProjectConfigurationPlatforms) = postSolution
		{04DF3D3C-0E05-4E58-AAC3-A76B2015A463}.Debug|Any CPU.ActiveCfg = Debug|Any CPU
		{04DF3D3C-0E05-4E58-AAC3-A76B2015A463}.Debug|Any CPU.Build.0 = Debug|Any CPU
		{04DF3D3C-0E05-4E58-AAC3-A76B2015A463}.Release|Any CPU.ActiveCfg = Release|Any CPU
		{04DF3D3C-0E05-4E58-AAC3-A76B2015A463}.Release|Any CPU.Build.0 = Release|Any CPU
		{1EF3CE3B-2F43-4F87-86C8-2BA9D1728A60}.Debug|Any CPU.ActiveCfg = Debug|Any CPU
		{1EF3CE3B-2F43-4F87-86C8-2BA9D1728A60}.Debug|Any CPU.Build.0 = Debug|Any CPU
		{1EF3CE3B-2F43-4F87-86C8-2BA9D1728A60}.Release|Any CPU.ActiveCfg = Release|Any CPU
		{1EF3CE3B-2F43-4F87-86C8-2BA9D1728A60}.Release|Any CPU.Build.0 = Release|Any CPU
	EndGlobalSection
	GlobalSection(SolutionProperties) = preSolution
		HideSolutionNode = FALSE
	EndGlobalSection
	GlobalSection(ExtensibilityGlobals) = postSolution
		SolutionGuid = {18BAB2BB-6285-417E-BA46-4E95DC57640A}
	EndGlobalSection
EndGlobal
